// !$*UTF8*$!
{
	archiveVersion = 1;
	classes = {
	};
	objectVersion = 50;
	objects = {

/* Begin PBXBuildFile section */
		450E5FFF70A15073ADD479E8 /* Pods_workr.framework in Frameworks */ = {isa = PBXBuildFile; fileRef = F2F2D117555352F66811F029 /* Pods_workr.framework */; };
		A605B18A213FC44B00634DCE /* ImagePickerController.swift in Sources */ = {isa = PBXBuildFile; fileRef = A605B189213FC44B00634DCE /* ImagePickerController.swift */; };
		A605B18C213FD3D200634DCE /* CameraCollectionViewCell.swift in Sources */ = {isa = PBXBuildFile; fileRef = A605B18B213FD3D200634DCE /* CameraCollectionViewCell.swift */; };
		A605B18E213FFA6500634DCE /* UploadProfileImageViewController.swift in Sources */ = {isa = PBXBuildFile; fileRef = A605B18D213FFA6500634DCE /* UploadProfileImageViewController.swift */; };
		A605B190214001E200634DCE /* UserImage.swift in Sources */ = {isa = PBXBuildFile; fileRef = A605B18F214001E200634DCE /* UserImage.swift */; };
		A605F3AE2137F707004ACB32 /* Profile.storyboard in Resources */ = {isa = PBXBuildFile; fileRef = A605F3AD2137F707004ACB32 /* Profile.storyboard */; };
		A6093B55212C066800618373 /* AssetCollectionViewCell.swift in Sources */ = {isa = PBXBuildFile; fileRef = A6093B54212C066800618373 /* AssetCollectionViewCell.swift */; };
		A61A6A8D213813DD00A1AD1F /* RegisterViewController.swift in Sources */ = {isa = PBXBuildFile; fileRef = A61A6A8C213813DD00A1AD1F /* RegisterViewController.swift */; };
		A61A6A8F2138151C00A1AD1F /* ProfileViewController.swift in Sources */ = {isa = PBXBuildFile; fileRef = A61A6A8E2138151C00A1AD1F /* ProfileViewController.swift */; };
		A62001C9212AC8A600B9B6A4 /* AddPost.storyboard in Resources */ = {isa = PBXBuildFile; fileRef = A62001C8212AC8A600B9B6A4 /* AddPost.storyboard */; };
		A62001CB212ACBC100B9B6A4 /* AddPostViewController.swift in Sources */ = {isa = PBXBuildFile; fileRef = A62001CA212ACBC100B9B6A4 /* AddPostViewController.swift */; };
		A62B1EBA2133EEFA00FBE81F /* Chat.storyboard in Resources */ = {isa = PBXBuildFile; fileRef = A62B1EB92133EEFA00FBE81F /* Chat.storyboard */; };
		A6395D73212566C3008A27D2 /* Podfile in Resources */ = {isa = PBXBuildFile; fileRef = A6395D72212566C3008A27D2 /* Podfile */; };
		A6395D792126A3F9008A27D2 /* PostTableViewController.swift in Sources */ = {isa = PBXBuildFile; fileRef = A6395D782126A3F9008A27D2 /* PostTableViewController.swift */; };
		A6395D7B2126A65A008A27D2 /* Protocols.swift in Sources */ = {isa = PBXBuildFile; fileRef = A6395D7A2126A65A008A27D2 /* Protocols.swift */; };
		A6395D7D2126A6F9008A27D2 /* Extensions.swift in Sources */ = {isa = PBXBuildFile; fileRef = A6395D7C2126A6F9008A27D2 /* Extensions.swift */; };
		A6395D7F2126A958008A27D2 /* PostTableViewCell.swift in Sources */ = {isa = PBXBuildFile; fileRef = A6395D7E2126A958008A27D2 /* PostTableViewCell.swift */; };
		A6395D812126B502008A27D2 /* Post.swift in Sources */ = {isa = PBXBuildFile; fileRef = A6395D802126B502008A27D2 /* Post.swift */; };
		A6395D832126B5A5008A27D2 /* User.swift in Sources */ = {isa = PBXBuildFile; fileRef = A6395D822126B5A5008A27D2 /* User.swift */; };
		A6395D852126B5B8008A27D2 /* Chat.swift in Sources */ = {isa = PBXBuildFile; fileRef = A6395D842126B5B8008A27D2 /* Chat.swift */; };
		A6395D872126B5C7008A27D2 /* Image.swift in Sources */ = {isa = PBXBuildFile; fileRef = A6395D862126B5C7008A27D2 /* Image.swift */; };
		A6395D892126B5CF008A27D2 /* Message.swift in Sources */ = {isa = PBXBuildFile; fileRef = A6395D882126B5CF008A27D2 /* Message.swift */; };
		A6395D8B2126B849008A27D2 /* Rating.swift in Sources */ = {isa = PBXBuildFile; fileRef = A6395D8A2126B849008A27D2 /* Rating.swift */; };
		A6395D8D2126B91E008A27D2 /* AppData.swift in Sources */ = {isa = PBXBuildFile; fileRef = A6395D8C2126B91E008A27D2 /* AppData.swift */; };
		A6395D8F2126CCCD008A27D2 /* Tag.swift in Sources */ = {isa = PBXBuildFile; fileRef = A6395D8E2126CCCD008A27D2 /* Tag.swift */; };
		A6395D912126CD09008A27D2 /* TagReference.swift in Sources */ = {isa = PBXBuildFile; fileRef = A6395D902126CD09008A27D2 /* TagReference.swift */; };
		A6395D93212AAE87008A27D2 /* PostViewController.swift in Sources */ = {isa = PBXBuildFile; fileRef = A6395D92212AAE87008A27D2 /* PostViewController.swift */; };
		A65B18EC21406FD7008F0AF8 /* KeyboardEventListener.swift in Sources */ = {isa = PBXBuildFile; fileRef = A65B18EB21406FD7008F0AF8 /* KeyboardEventListener.swift */; };
		A68130602144020F005ECFE0 /* RatingTableViewCell.swift in Sources */ = {isa = PBXBuildFile; fileRef = A681305F2144020F005ECFE0 /* RatingTableViewCell.swift */; };
		A68A1894213EA0F70010AED7 /* BidsViewController.swift in Sources */ = {isa = PBXBuildFile; fileRef = A68A1893213EA0F70010AED7 /* BidsViewController.swift */; };
		A68A1896213EA23A0010AED7 /* BidTableViewCell.swift in Sources */ = {isa = PBXBuildFile; fileRef = A68A1895213EA23A0010AED7 /* BidTableViewCell.swift */; };
		A69A5531212C20F3000C3457 /* TagCollectionViewCell.swift in Sources */ = {isa = PBXBuildFile; fileRef = A69A5530212C20F3000C3457 /* TagCollectionViewCell.swift */; };
		A69A5533212C2528000C3457 /* PostImageCollectionViewCell.swift in Sources */ = {isa = PBXBuildFile; fileRef = A69A5532212C2528000C3457 /* PostImageCollectionViewCell.swift */; };
		A69A5535212EA39A000C3457 /* TestImageViewController.swift in Sources */ = {isa = PBXBuildFile; fileRef = A69A5534212EA39A000C3457 /* TestImageViewController.swift */; };
		A69EC9AE2137DC1000C59023 /* Login.storyboard in Resources */ = {isa = PBXBuildFile; fileRef = A69EC9AD2137DC1000C59023 /* Login.storyboard */; };
		A69EC9B02137E76800C59023 /* LoginViewController.swift in Sources */ = {isa = PBXBuildFile; fileRef = A69EC9AF2137E76800C59023 /* LoginViewController.swift */; };
		A6A4DEE6213405BB00BB3AB6 /* ChatViewController.swift in Sources */ = {isa = PBXBuildFile; fileRef = A6A4DEE5213405BB00BB3AB6 /* ChatViewController.swift */; };
		A6A4DEE8213405E800BB3AB6 /* ChatTableViewCell.swift in Sources */ = {isa = PBXBuildFile; fileRef = A6A4DEE7213405E800BB3AB6 /* ChatTableViewCell.swift */; };
		A6BA5936213E8BC60003A317 /* PlaceBidViewController.swift in Sources */ = {isa = PBXBuildFile; fileRef = A6BA5935213E8BC60003A317 /* PlaceBidViewController.swift */; };
		A6BA5938213E95AF0003A317 /* Bid.swift in Sources */ = {isa = PBXBuildFile; fileRef = A6BA5937213E95AF0003A317 /* Bid.swift */; };
		A6C613762142524200C11A8B /* RatingsViewController.swift in Sources */ = {isa = PBXBuildFile; fileRef = A6C613752142524200C11A8B /* RatingsViewController.swift */; };
		A6D1DDDE211C40C100381A4D /* AppDelegate.swift in Sources */ = {isa = PBXBuildFile; fileRef = A6D1DDDD211C40C100381A4D /* AppDelegate.swift */; };
		A6D1DDE0211C40C100381A4D /* ViewController.swift in Sources */ = {isa = PBXBuildFile; fileRef = A6D1DDDF211C40C100381A4D /* ViewController.swift */; };
		A6D1DDE3211C40C100381A4D /* Main.storyboard in Resources */ = {isa = PBXBuildFile; fileRef = A6D1DDE1211C40C100381A4D /* Main.storyboard */; };
		A6D1DDE5211C40C200381A4D /* Assets.xcassets in Resources */ = {isa = PBXBuildFile; fileRef = A6D1DDE4211C40C200381A4D /* Assets.xcassets */; };
		A6D1DDE8211C40C200381A4D /* LaunchScreen.storyboard in Resources */ = {isa = PBXBuildFile; fileRef = A6D1DDE6211C40C200381A4D /* LaunchScreen.storyboard */; };
		A6D1DDF3211C40C300381A4D /* workrTests.swift in Sources */ = {isa = PBXBuildFile; fileRef = A6D1DDF2211C40C300381A4D /* workrTests.swift */; };
		A6D1DDFE211C40C300381A4D /* workrUITests.swift in Sources */ = {isa = PBXBuildFile; fileRef = A6D1DDFD211C40C300381A4D /* workrUITests.swift */; };
/* End PBXBuildFile section */

/* Begin PBXContainerItemProxy section */
		A6D1DDEF211C40C300381A4D /* PBXContainerItemProxy */ = {
			isa = PBXContainerItemProxy;
			containerPortal = A6D1DDD2211C40C100381A4D /* Project object */;
			proxyType = 1;
			remoteGlobalIDString = A6D1DDD9211C40C100381A4D;
			remoteInfo = workr;
		};
		A6D1DDFA211C40C300381A4D /* PBXContainerItemProxy */ = {
			isa = PBXContainerItemProxy;
			containerPortal = A6D1DDD2211C40C100381A4D /* Project object */;
			proxyType = 1;
			remoteGlobalIDString = A6D1DDD9211C40C100381A4D;
			remoteInfo = workr;
		};
/* End PBXContainerItemProxy section */

/* Begin PBXFileReference section */
		A605B189213FC44B00634DCE /* ImagePickerController.swift */ = {isa = PBXFileReference; lastKnownFileType = sourcecode.swift; path = ImagePickerController.swift; sourceTree = "<group>"; };
		A605B18B213FD3D200634DCE /* CameraCollectionViewCell.swift */ = {isa = PBXFileReference; lastKnownFileType = sourcecode.swift; path = CameraCollectionViewCell.swift; sourceTree = "<group>"; };
		A605B18D213FFA6500634DCE /* UploadProfileImageViewController.swift */ = {isa = PBXFileReference; lastKnownFileType = sourcecode.swift; path = UploadProfileImageViewController.swift; sourceTree = "<group>"; };
		A605B18F214001E200634DCE /* UserImage.swift */ = {isa = PBXFileReference; lastKnownFileType = sourcecode.swift; path = UserImage.swift; sourceTree = "<group>"; };
		A605F3AD2137F707004ACB32 /* Profile.storyboard */ = {isa = PBXFileReference; lastKnownFileType = file.storyboard; path = Profile.storyboard; sourceTree = "<group>"; };
		A6093B54212C066800618373 /* AssetCollectionViewCell.swift */ = {isa = PBXFileReference; lastKnownFileType = sourcecode.swift; path = AssetCollectionViewCell.swift; sourceTree = "<group>"; };
		A61A6A8C213813DD00A1AD1F /* RegisterViewController.swift */ = {isa = PBXFileReference; lastKnownFileType = sourcecode.swift; path = RegisterViewController.swift; sourceTree = "<group>"; };
		A61A6A8E2138151C00A1AD1F /* ProfileViewController.swift */ = {isa = PBXFileReference; lastKnownFileType = sourcecode.swift; path = ProfileViewController.swift; sourceTree = "<group>"; };
		A62001C8212AC8A600B9B6A4 /* AddPost.storyboard */ = {isa = PBXFileReference; lastKnownFileType = file.storyboard; path = AddPost.storyboard; sourceTree = "<group>"; };
		A62001CA212ACBC100B9B6A4 /* AddPostViewController.swift */ = {isa = PBXFileReference; lastKnownFileType = sourcecode.swift; path = AddPostViewController.swift; sourceTree = "<group>"; };
		A62B1EB92133EEFA00FBE81F /* Chat.storyboard */ = {isa = PBXFileReference; lastKnownFileType = file.storyboard; path = Chat.storyboard; sourceTree = "<group>"; };
		A6395D72212566C3008A27D2 /* Podfile */ = {isa = PBXFileReference; explicitFileType = text.script.ruby; fileEncoding = 4; path = Podfile; sourceTree = "<group>"; xcLanguageSpecificationIdentifier = xcode.lang.ruby; };
		A6395D782126A3F9008A27D2 /* PostTableViewController.swift */ = {isa = PBXFileReference; lastKnownFileType = sourcecode.swift; path = PostTableViewController.swift; sourceTree = "<group>"; };
		A6395D7A2126A65A008A27D2 /* Protocols.swift */ = {isa = PBXFileReference; lastKnownFileType = sourcecode.swift; path = Protocols.swift; sourceTree = "<group>"; };
		A6395D7C2126A6F9008A27D2 /* Extensions.swift */ = {isa = PBXFileReference; lastKnownFileType = sourcecode.swift; path = Extensions.swift; sourceTree = "<group>"; };
		A6395D7E2126A958008A27D2 /* PostTableViewCell.swift */ = {isa = PBXFileReference; lastKnownFileType = sourcecode.swift; path = PostTableViewCell.swift; sourceTree = "<group>"; };
		A6395D802126B502008A27D2 /* Post.swift */ = {isa = PBXFileReference; lastKnownFileType = sourcecode.swift; path = Post.swift; sourceTree = "<group>"; };
		A6395D822126B5A5008A27D2 /* User.swift */ = {isa = PBXFileReference; lastKnownFileType = sourcecode.swift; path = User.swift; sourceTree = "<group>"; };
		A6395D842126B5B8008A27D2 /* Chat.swift */ = {isa = PBXFileReference; lastKnownFileType = sourcecode.swift; path = Chat.swift; sourceTree = "<group>"; };
		A6395D862126B5C7008A27D2 /* Image.swift */ = {isa = PBXFileReference; lastKnownFileType = sourcecode.swift; path = Image.swift; sourceTree = "<group>"; };
		A6395D882126B5CF008A27D2 /* Message.swift */ = {isa = PBXFileReference; lastKnownFileType = sourcecode.swift; path = Message.swift; sourceTree = "<group>"; };
		A6395D8A2126B849008A27D2 /* Rating.swift */ = {isa = PBXFileReference; lastKnownFileType = sourcecode.swift; path = Rating.swift; sourceTree = "<group>"; };
		A6395D8C2126B91E008A27D2 /* AppData.swift */ = {isa = PBXFileReference; lastKnownFileType = sourcecode.swift; path = AppData.swift; sourceTree = "<group>"; };
		A6395D8E2126CCCD008A27D2 /* Tag.swift */ = {isa = PBXFileReference; lastKnownFileType = sourcecode.swift; path = Tag.swift; sourceTree = "<group>"; };
		A6395D902126CD09008A27D2 /* TagReference.swift */ = {isa = PBXFileReference; lastKnownFileType = sourcecode.swift; path = TagReference.swift; sourceTree = "<group>"; };
		A6395D92212AAE87008A27D2 /* PostViewController.swift */ = {isa = PBXFileReference; lastKnownFileType = sourcecode.swift; path = PostViewController.swift; sourceTree = "<group>"; };
		A65B18EB21406FD7008F0AF8 /* KeyboardEventListener.swift */ = {isa = PBXFileReference; lastKnownFileType = sourcecode.swift; path = KeyboardEventListener.swift; sourceTree = "<group>"; };
		A681305F2144020F005ECFE0 /* RatingTableViewCell.swift */ = {isa = PBXFileReference; lastKnownFileType = sourcecode.swift; path = RatingTableViewCell.swift; sourceTree = "<group>"; };
		A68A1893213EA0F70010AED7 /* BidsViewController.swift */ = {isa = PBXFileReference; lastKnownFileType = sourcecode.swift; path = BidsViewController.swift; sourceTree = "<group>"; };
		A68A1895213EA23A0010AED7 /* BidTableViewCell.swift */ = {isa = PBXFileReference; lastKnownFileType = sourcecode.swift; path = BidTableViewCell.swift; sourceTree = "<group>"; };
		A69A5530212C20F3000C3457 /* TagCollectionViewCell.swift */ = {isa = PBXFileReference; lastKnownFileType = sourcecode.swift; path = TagCollectionViewCell.swift; sourceTree = "<group>"; };
		A69A5532212C2528000C3457 /* PostImageCollectionViewCell.swift */ = {isa = PBXFileReference; lastKnownFileType = sourcecode.swift; path = PostImageCollectionViewCell.swift; sourceTree = "<group>"; };
		A69A5534212EA39A000C3457 /* TestImageViewController.swift */ = {isa = PBXFileReference; lastKnownFileType = sourcecode.swift; path = TestImageViewController.swift; sourceTree = "<group>"; };
		A69EC9AD2137DC1000C59023 /* Login.storyboard */ = {isa = PBXFileReference; lastKnownFileType = file.storyboard; path = Login.storyboard; sourceTree = "<group>"; };
		A69EC9AF2137E76800C59023 /* LoginViewController.swift */ = {isa = PBXFileReference; lastKnownFileType = sourcecode.swift; path = LoginViewController.swift; sourceTree = "<group>"; };
		A6A4DEE5213405BB00BB3AB6 /* ChatViewController.swift */ = {isa = PBXFileReference; lastKnownFileType = sourcecode.swift; path = ChatViewController.swift; sourceTree = "<group>"; };
		A6A4DEE7213405E800BB3AB6 /* ChatTableViewCell.swift */ = {isa = PBXFileReference; lastKnownFileType = sourcecode.swift; path = ChatTableViewCell.swift; sourceTree = "<group>"; };
		A6BA5935213E8BC60003A317 /* PlaceBidViewController.swift */ = {isa = PBXFileReference; lastKnownFileType = sourcecode.swift; path = PlaceBidViewController.swift; sourceTree = "<group>"; };
		A6BA5937213E95AF0003A317 /* Bid.swift */ = {isa = PBXFileReference; lastKnownFileType = sourcecode.swift; path = Bid.swift; sourceTree = "<group>"; };
		A6C613752142524200C11A8B /* RatingsViewController.swift */ = {isa = PBXFileReference; lastKnownFileType = sourcecode.swift; path = RatingsViewController.swift; sourceTree = "<group>"; };
		A6D1DDDA211C40C100381A4D /* workr.app */ = {isa = PBXFileReference; explicitFileType = wrapper.application; includeInIndex = 0; path = workr.app; sourceTree = BUILT_PRODUCTS_DIR; };
		A6D1DDDD211C40C100381A4D /* AppDelegate.swift */ = {isa = PBXFileReference; lastKnownFileType = sourcecode.swift; path = AppDelegate.swift; sourceTree = "<group>"; };
		A6D1DDDF211C40C100381A4D /* ViewController.swift */ = {isa = PBXFileReference; lastKnownFileType = sourcecode.swift; path = ViewController.swift; sourceTree = "<group>"; };
		A6D1DDE2211C40C100381A4D /* Base */ = {isa = PBXFileReference; lastKnownFileType = file.storyboard; name = Base; path = Base.lproj/Main.storyboard; sourceTree = "<group>"; };
		A6D1DDE4211C40C200381A4D /* Assets.xcassets */ = {isa = PBXFileReference; lastKnownFileType = folder.assetcatalog; path = Assets.xcassets; sourceTree = "<group>"; };
		A6D1DDE7211C40C200381A4D /* Base */ = {isa = PBXFileReference; lastKnownFileType = file.storyboard; name = Base; path = Base.lproj/LaunchScreen.storyboard; sourceTree = "<group>"; };
		A6D1DDE9211C40C200381A4D /* Info.plist */ = {isa = PBXFileReference; lastKnownFileType = text.plist.xml; path = Info.plist; sourceTree = "<group>"; };
		A6D1DDEE211C40C300381A4D /* workrTests.xctest */ = {isa = PBXFileReference; explicitFileType = wrapper.cfbundle; includeInIndex = 0; path = workrTests.xctest; sourceTree = BUILT_PRODUCTS_DIR; };
		A6D1DDF2211C40C300381A4D /* workrTests.swift */ = {isa = PBXFileReference; lastKnownFileType = sourcecode.swift; path = workrTests.swift; sourceTree = "<group>"; };
		A6D1DDF4211C40C300381A4D /* Info.plist */ = {isa = PBXFileReference; lastKnownFileType = text.plist.xml; path = Info.plist; sourceTree = "<group>"; };
		A6D1DDF9211C40C300381A4D /* workrUITests.xctest */ = {isa = PBXFileReference; explicitFileType = wrapper.cfbundle; includeInIndex = 0; path = workrUITests.xctest; sourceTree = BUILT_PRODUCTS_DIR; };
		A6D1DDFD211C40C300381A4D /* workrUITests.swift */ = {isa = PBXFileReference; lastKnownFileType = sourcecode.swift; path = workrUITests.swift; sourceTree = "<group>"; };
		A6D1DDFF211C40C300381A4D /* Info.plist */ = {isa = PBXFileReference; lastKnownFileType = text.plist.xml; path = Info.plist; sourceTree = "<group>"; };
		D620B7A1A72FD3DCA53AD7C2 /* Pods-workr.debug.xcconfig */ = {isa = PBXFileReference; includeInIndex = 1; lastKnownFileType = text.xcconfig; name = "Pods-workr.debug.xcconfig"; path = "Pods/Target Support Files/Pods-workr/Pods-workr.debug.xcconfig"; sourceTree = "<group>"; };
		EB0C21C2E6F8D8AE0C8FDA91 /* Pods-workr.release.xcconfig */ = {isa = PBXFileReference; includeInIndex = 1; lastKnownFileType = text.xcconfig; name = "Pods-workr.release.xcconfig"; path = "Pods/Target Support Files/Pods-workr/Pods-workr.release.xcconfig"; sourceTree = "<group>"; };
		F2F2D117555352F66811F029 /* Pods_workr.framework */ = {isa = PBXFileReference; explicitFileType = wrapper.framework; includeInIndex = 0; path = Pods_workr.framework; sourceTree = BUILT_PRODUCTS_DIR; };
/* End PBXFileReference section */

/* Begin PBXFrameworksBuildPhase section */
		A6D1DDD7211C40C100381A4D /* Frameworks */ = {
			isa = PBXFrameworksBuildPhase;
			buildActionMask = 2147483647;
			files = (
				450E5FFF70A15073ADD479E8 /* Pods_workr.framework in Frameworks */,
			);
			runOnlyForDeploymentPostprocessing = 0;
		};
		A6D1DDEB211C40C300381A4D /* Frameworks */ = {
			isa = PBXFrameworksBuildPhase;
			buildActionMask = 2147483647;
			files = (
			);
			runOnlyForDeploymentPostprocessing = 0;
		};
		A6D1DDF6211C40C300381A4D /* Frameworks */ = {
			isa = PBXFrameworksBuildPhase;
			buildActionMask = 2147483647;
			files = (
			);
			runOnlyForDeploymentPostprocessing = 0;
		};
/* End PBXFrameworksBuildPhase section */

/* Begin PBXGroup section */
		03E4616B9CC027FD3634A55C /* Pods */ = {
			isa = PBXGroup;
			children = (
				D620B7A1A72FD3DCA53AD7C2 /* Pods-workr.debug.xcconfig */,
				EB0C21C2E6F8D8AE0C8FDA91 /* Pods-workr.release.xcconfig */,
			);
			name = Pods;
			sourceTree = "<group>";
		};
		1EDCF52B3983B2502B2F0374 /* Frameworks */ = {
			isa = PBXGroup;
			children = (
				F2F2D117555352F66811F029 /* Pods_workr.framework */,
			);
			name = Frameworks;
			sourceTree = "<group>";
		};
		A62001C7212AC89000B9B6A4 /* Storyboards */ = {
			isa = PBXGroup;
			children = (
				A6D1DDE1211C40C100381A4D /* Main.storyboard */,
				A6D1DDE6211C40C200381A4D /* LaunchScreen.storyboard */,
				A62001C8212AC8A600B9B6A4 /* AddPost.storyboard */,
				A62B1EB92133EEFA00FBE81F /* Chat.storyboard */,
				A69EC9AD2137DC1000C59023 /* Login.storyboard */,
				A605F3AD2137F707004ACB32 /* Profile.storyboard */,
			);
			path = Storyboards;
			sourceTree = "<group>";
		};
		A6395D7421269F7D008A27D2 /* Views */ = {
			isa = PBXGroup;
			children = (
				A6395D7E2126A958008A27D2 /* PostTableViewCell.swift */,
				A6093B54212C066800618373 /* AssetCollectionViewCell.swift */,
				A69A5530212C20F3000C3457 /* TagCollectionViewCell.swift */,
				A69A5532212C2528000C3457 /* PostImageCollectionViewCell.swift */,
				A6A4DEE7213405E800BB3AB6 /* ChatTableViewCell.swift */,
				A68A1895213EA23A0010AED7 /* BidTableViewCell.swift */,
				A605B18B213FD3D200634DCE /* CameraCollectionViewCell.swift */,
				A681305F2144020F005ECFE0 /* RatingTableViewCell.swift */,
			);
			path = Views;
			sourceTree = "<group>";
		};
		A6395D7521269F85008A27D2 /* Controllers */ = {
			isa = PBXGroup;
			children = (
				A605B189213FC44B00634DCE /* ImagePickerController.swift */,
				A6395D782126A3F9008A27D2 /* PostTableViewController.swift */,
				A6395D92212AAE87008A27D2 /* PostViewController.swift */,
				A62001CA212ACBC100B9B6A4 /* AddPostViewController.swift */,
				A69A5534212EA39A000C3457 /* TestImageViewController.swift */,
				A6A4DEE5213405BB00BB3AB6 /* ChatViewController.swift */,
				A69EC9AF2137E76800C59023 /* LoginViewController.swift */,
				A61A6A8C213813DD00A1AD1F /* RegisterViewController.swift */,
				A61A6A8E2138151C00A1AD1F /* ProfileViewController.swift */,
				A6BA5935213E8BC60003A317 /* PlaceBidViewController.swift */,
				A68A1893213EA0F70010AED7 /* BidsViewController.swift */,
				A605B18D213FFA6500634DCE /* UploadProfileImageViewController.swift */,
				A6C613752142524200C11A8B /* RatingsViewController.swift */,
			);
			path = Controllers;
			sourceTree = "<group>";
		};
		A6395D7721269FAA008A27D2 /* Models */ = {
			isa = PBXGroup;
			children = (
				A6395D802126B502008A27D2 /* Post.swift */,
				A6395D822126B5A5008A27D2 /* User.swift */,
				A6395D842126B5B8008A27D2 /* Chat.swift */,
				A6395D862126B5C7008A27D2 /* Image.swift */,
				A6395D882126B5CF008A27D2 /* Message.swift */,
				A6395D8A2126B849008A27D2 /* Rating.swift */,
				A6395D8E2126CCCD008A27D2 /* Tag.swift */,
				A6395D902126CD09008A27D2 /* TagReference.swift */,
				A6BA5937213E95AF0003A317 /* Bid.swift */,
				A605B18F214001E200634DCE /* UserImage.swift */,
			);
			path = Models;
			sourceTree = "<group>";
		};
		A6D1DDD1211C40C100381A4D = {
			isa = PBXGroup;
			children = (
				A6395D72212566C3008A27D2 /* Podfile */,
				A6D1DDDC211C40C100381A4D /* workr */,
				A6D1DDF1211C40C300381A4D /* workrTests */,
				A6D1DDFC211C40C300381A4D /* workrUITests */,
				A6D1DDDB211C40C100381A4D /* Products */,
				03E4616B9CC027FD3634A55C /* Pods */,
				1EDCF52B3983B2502B2F0374 /* Frameworks */,
			);
			sourceTree = "<group>";
		};
		A6D1DDDB211C40C100381A4D /* Products */ = {
			isa = PBXGroup;
			children = (
				A6D1DDDA211C40C100381A4D /* workr.app */,
				A6D1DDEE211C40C300381A4D /* workrTests.xctest */,
				A6D1DDF9211C40C300381A4D /* workrUITests.xctest */,
			);
			name = Products;
			sourceTree = "<group>";
		};
		A6D1DDDC211C40C100381A4D /* workr */ = {
			isa = PBXGroup;
			children = (
				A6395D7721269FAA008A27D2 /* Models */,
				A62001C7212AC89000B9B6A4 /* Storyboards */,
				A6395D7521269F85008A27D2 /* Controllers */,
				A6395D7421269F7D008A27D2 /* Views */,
				A6D1DDDD211C40C100381A4D /* AppDelegate.swift */,
				A6D1DDDF211C40C100381A4D /* ViewController.swift */,
				A6D1DDE4211C40C200381A4D /* Assets.xcassets */,
				A6D1DDE9211C40C200381A4D /* Info.plist */,
				A6395D7A2126A65A008A27D2 /* Protocols.swift */,
				A6395D7C2126A6F9008A27D2 /* Extensions.swift */,
				A6395D8C2126B91E008A27D2 /* AppData.swift */,
				A65B18EB21406FD7008F0AF8 /* KeyboardEventListener.swift */,
			);
			path = workr;
			sourceTree = "<group>";
		};
		A6D1DDF1211C40C300381A4D /* workrTests */ = {
			isa = PBXGroup;
			children = (
				A6D1DDF2211C40C300381A4D /* workrTests.swift */,
				A6D1DDF4211C40C300381A4D /* Info.plist */,
			);
			path = workrTests;
			sourceTree = "<group>";
		};
		A6D1DDFC211C40C300381A4D /* workrUITests */ = {
			isa = PBXGroup;
			children = (
				A6D1DDFD211C40C300381A4D /* workrUITests.swift */,
				A6D1DDFF211C40C300381A4D /* Info.plist */,
			);
			path = workrUITests;
			sourceTree = "<group>";
		};
/* End PBXGroup section */

/* Begin PBXNativeTarget section */
		A6D1DDD9211C40C100381A4D /* workr */ = {
			isa = PBXNativeTarget;
			buildConfigurationList = A6D1DE02211C40C300381A4D /* Build configuration list for PBXNativeTarget "workr" */;
			buildPhases = (
				012F2B5A91558297C477DBEE /* [CP] Check Pods Manifest.lock */,
				A6D1DDD6211C40C100381A4D /* Sources */,
				A6D1DDD7211C40C100381A4D /* Frameworks */,
				A6D1DDD8211C40C100381A4D /* Resources */,
				12B66740903B449CDB10D917 /* [CP] Embed Pods Frameworks */,
			);
			buildRules = (
			);
			dependencies = (
			);
			name = workr;
			productName = workr;
			productReference = A6D1DDDA211C40C100381A4D /* workr.app */;
			productType = "com.apple.product-type.application";
		};
		A6D1DDED211C40C300381A4D /* workrTests */ = {
			isa = PBXNativeTarget;
			buildConfigurationList = A6D1DE05211C40C300381A4D /* Build configuration list for PBXNativeTarget "workrTests" */;
			buildPhases = (
				A6D1DDEA211C40C300381A4D /* Sources */,
				A6D1DDEB211C40C300381A4D /* Frameworks */,
				A6D1DDEC211C40C300381A4D /* Resources */,
			);
			buildRules = (
			);
			dependencies = (
				A6D1DDF0211C40C300381A4D /* PBXTargetDependency */,
			);
			name = workrTests;
			productName = workrTests;
			productReference = A6D1DDEE211C40C300381A4D /* workrTests.xctest */;
			productType = "com.apple.product-type.bundle.unit-test";
		};
		A6D1DDF8211C40C300381A4D /* workrUITests */ = {
			isa = PBXNativeTarget;
			buildConfigurationList = A6D1DE08211C40C300381A4D /* Build configuration list for PBXNativeTarget "workrUITests" */;
			buildPhases = (
				A6D1DDF5211C40C300381A4D /* Sources */,
				A6D1DDF6211C40C300381A4D /* Frameworks */,
				A6D1DDF7211C40C300381A4D /* Resources */,
			);
			buildRules = (
			);
			dependencies = (
				A6D1DDFB211C40C300381A4D /* PBXTargetDependency */,
			);
			name = workrUITests;
			productName = workrUITests;
			productReference = A6D1DDF9211C40C300381A4D /* workrUITests.xctest */;
			productType = "com.apple.product-type.bundle.ui-testing";
		};
/* End PBXNativeTarget section */

/* Begin PBXProject section */
		A6D1DDD2211C40C100381A4D /* Project object */ = {
			isa = PBXProject;
			attributes = {
				LastSwiftUpdateCheck = 0940;
				LastUpgradeCheck = 0940;
				ORGANIZATIONNAME = "Morten Liebmann Andersen";
				TargetAttributes = {
					A6D1DDD9211C40C100381A4D = {
						CreatedOnToolsVersion = 9.4.1;
					};
					A6D1DDED211C40C300381A4D = {
						CreatedOnToolsVersion = 9.4.1;
						TestTargetID = A6D1DDD9211C40C100381A4D;
					};
					A6D1DDF8211C40C300381A4D = {
						CreatedOnToolsVersion = 9.4.1;
						TestTargetID = A6D1DDD9211C40C100381A4D;
					};
				};
			};
			buildConfigurationList = A6D1DDD5211C40C100381A4D /* Build configuration list for PBXProject "workr" */;
			compatibilityVersion = "Xcode 9.3";
			developmentRegion = en;
			hasScannedForEncodings = 0;
			knownRegions = (
				en,
				Base,
			);
			mainGroup = A6D1DDD1211C40C100381A4D;
			productRefGroup = A6D1DDDB211C40C100381A4D /* Products */;
			projectDirPath = "";
			projectRoot = "";
			targets = (
				A6D1DDD9211C40C100381A4D /* workr */,
				A6D1DDED211C40C300381A4D /* workrTests */,
				A6D1DDF8211C40C300381A4D /* workrUITests */,
			);
		};
/* End PBXProject section */

/* Begin PBXResourcesBuildPhase section */
		A6D1DDD8211C40C100381A4D /* Resources */ = {
			isa = PBXResourcesBuildPhase;
			buildActionMask = 2147483647;
			files = (
				A62B1EBA2133EEFA00FBE81F /* Chat.storyboard in Resources */,
				A6D1DDE8211C40C200381A4D /* LaunchScreen.storyboard in Resources */,
				A605F3AE2137F707004ACB32 /* Profile.storyboard in Resources */,
				A69EC9AE2137DC1000C59023 /* Login.storyboard in Resources */,
				A6D1DDE5211C40C200381A4D /* Assets.xcassets in Resources */,
				A62001C9212AC8A600B9B6A4 /* AddPost.storyboard in Resources */,
				A6395D73212566C3008A27D2 /* Podfile in Resources */,
				A6D1DDE3211C40C100381A4D /* Main.storyboard in Resources */,
			);
			runOnlyForDeploymentPostprocessing = 0;
		};
		A6D1DDEC211C40C300381A4D /* Resources */ = {
			isa = PBXResourcesBuildPhase;
			buildActionMask = 2147483647;
			files = (
			);
			runOnlyForDeploymentPostprocessing = 0;
		};
		A6D1DDF7211C40C300381A4D /* Resources */ = {
			isa = PBXResourcesBuildPhase;
			buildActionMask = 2147483647;
			files = (
			);
			runOnlyForDeploymentPostprocessing = 0;
		};
/* End PBXResourcesBuildPhase section */

/* Begin PBXShellScriptBuildPhase section */
		012F2B5A91558297C477DBEE /* [CP] Check Pods Manifest.lock */ = {
			isa = PBXShellScriptBuildPhase;
			buildActionMask = 2147483647;
			files = (
			);
			inputPaths = (
				"${PODS_PODFILE_DIR_PATH}/Podfile.lock",
				"${PODS_ROOT}/Manifest.lock",
			);
			name = "[CP] Check Pods Manifest.lock";
			outputPaths = (
				"$(DERIVED_FILE_DIR)/Pods-workr-checkManifestLockResult.txt",
			);
			runOnlyForDeploymentPostprocessing = 0;
			shellPath = /bin/sh;
			shellScript = "diff \"${PODS_PODFILE_DIR_PATH}/Podfile.lock\" \"${PODS_ROOT}/Manifest.lock\" > /dev/null\nif [ $? != 0 ] ; then\n    # print error to STDERR\n    echo \"error: The sandbox is not in sync with the Podfile.lock. Run 'pod install' or update your CocoaPods installation.\" >&2\n    exit 1\nfi\n# This output is used by Xcode 'outputs' to avoid re-running this script phase.\necho \"SUCCESS\" > \"${SCRIPT_OUTPUT_FILE_0}\"\n";
			showEnvVarsInLog = 0;
		};
		12B66740903B449CDB10D917 /* [CP] Embed Pods Frameworks */ = {
			isa = PBXShellScriptBuildPhase;
			buildActionMask = 2147483647;
			files = (
			);
			inputPaths = (
				"${SRCROOT}/Pods/Target Support Files/Pods-workr/Pods-workr-frameworks.sh",
				"${BUILT_PRODUCTS_DIR}/Alamofire/Alamofire.framework",
				"${BUILT_PRODUCTS_DIR}/AlamofireImage/AlamofireImage.framework",
				"${BUILT_PRODUCTS_DIR}/PromiseKit/PromiseKit.framework",
				"${BUILT_PRODUCTS_DIR}/SnapKit/SnapKit.framework",
				"${BUILT_PRODUCTS_DIR}/SwiftyJSON/SwiftyJSON.framework",
				"${BUILT_PRODUCTS_DIR}/WSTagsField/WSTagsField.framework",
			);
			name = "[CP] Embed Pods Frameworks";
			outputPaths = (
				"${TARGET_BUILD_DIR}/${FRAMEWORKS_FOLDER_PATH}/Alamofire.framework",
				"${TARGET_BUILD_DIR}/${FRAMEWORKS_FOLDER_PATH}/AlamofireImage.framework",
				"${TARGET_BUILD_DIR}/${FRAMEWORKS_FOLDER_PATH}/PromiseKit.framework",
				"${TARGET_BUILD_DIR}/${FRAMEWORKS_FOLDER_PATH}/SnapKit.framework",
				"${TARGET_BUILD_DIR}/${FRAMEWORKS_FOLDER_PATH}/SwiftyJSON.framework",
				"${TARGET_BUILD_DIR}/${FRAMEWORKS_FOLDER_PATH}/WSTagsField.framework",
			);
			runOnlyForDeploymentPostprocessing = 0;
			shellPath = /bin/sh;
			shellScript = "\"${SRCROOT}/Pods/Target Support Files/Pods-workr/Pods-workr-frameworks.sh\"\n";
			showEnvVarsInLog = 0;
		};
/* End PBXShellScriptBuildPhase section */

/* Begin PBXSourcesBuildPhase section */
		A6D1DDD6211C40C100381A4D /* Sources */ = {
			isa = PBXSourcesBuildPhase;
			buildActionMask = 2147483647;
			files = (
				A69A5533212C2528000C3457 /* PostImageCollectionViewCell.swift in Sources */,
				A605B18E213FFA6500634DCE /* UploadProfileImageViewController.swift in Sources */,
				A68A1894213EA0F70010AED7 /* BidsViewController.swift in Sources */,
				A6395D8D2126B91E008A27D2 /* AppData.swift in Sources */,
				A605B18A213FC44B00634DCE /* ImagePickerController.swift in Sources */,
				A6C613762142524200C11A8B /* RatingsViewController.swift in Sources */,
				A6BA5936213E8BC60003A317 /* PlaceBidViewController.swift in Sources */,
				A6A4DEE6213405BB00BB3AB6 /* ChatViewController.swift in Sources */,
				A6395D8B2126B849008A27D2 /* Rating.swift in Sources */,
				A62001CB212ACBC100B9B6A4 /* AddPostViewController.swift in Sources */,
				A68130602144020F005ECFE0 /* RatingTableViewCell.swift in Sources */,
				A6093B55212C066800618373 /* AssetCollectionViewCell.swift in Sources */,
				A605B18C213FD3D200634DCE /* CameraCollectionViewCell.swift in Sources */,
				A6395D7D2126A6F9008A27D2 /* Extensions.swift in Sources */,
				A6D1DDE0211C40C100381A4D /* ViewController.swift in Sources */,
				A6BA5938213E95AF0003A317 /* Bid.swift in Sources */,
				A6A4DEE8213405E800BB3AB6 /* ChatTableViewCell.swift in Sources */,
				A6395D792126A3F9008A27D2 /* PostTableViewController.swift in Sources */,
				A61A6A8F2138151C00A1AD1F /* ProfileViewController.swift in Sources */,
				A6D1DDDE211C40C100381A4D /* AppDelegate.swift in Sources */,
				A6395D852126B5B8008A27D2 /* Chat.swift in Sources */,
				A69EC9B02137E76800C59023 /* LoginViewController.swift in Sources */,
				A6395D832126B5A5008A27D2 /* User.swift in Sources */,
				A6395D93212AAE87008A27D2 /* PostViewController.swift in Sources */,
				A65B18EC21406FD7008F0AF8 /* KeyboardEventListener.swift in Sources */,
				A69A5535212EA39A000C3457 /* TestImageViewController.swift in Sources */,
				A61A6A8D213813DD00A1AD1F /* RegisterViewController.swift in Sources */,
				A6395D892126B5CF008A27D2 /* Message.swift in Sources */,
				A69A5531212C20F3000C3457 /* TagCollectionViewCell.swift in Sources */,
				A6395D912126CD09008A27D2 /* TagReference.swift in Sources */,
				A6395D7B2126A65A008A27D2 /* Protocols.swift in Sources */,
				A6395D8F2126CCCD008A27D2 /* Tag.swift in Sources */,
				A6395D812126B502008A27D2 /* Post.swift in Sources */,
				A68A1896213EA23A0010AED7 /* BidTableViewCell.swift in Sources */,
				A6395D7F2126A958008A27D2 /* PostTableViewCell.swift in Sources */,
				A605B190214001E200634DCE /* UserImage.swift in Sources */,
				A6395D872126B5C7008A27D2 /* Image.swift in Sources */,
			);
			runOnlyForDeploymentPostprocessing = 0;
		};
		A6D1DDEA211C40C300381A4D /* Sources */ = {
			isa = PBXSourcesBuildPhase;
			buildActionMask = 2147483647;
			files = (
				A6D1DDF3211C40C300381A4D /* workrTests.swift in Sources */,
			);
			runOnlyForDeploymentPostprocessing = 0;
		};
		A6D1DDF5211C40C300381A4D /* Sources */ = {
			isa = PBXSourcesBuildPhase;
			buildActionMask = 2147483647;
			files = (
				A6D1DDFE211C40C300381A4D /* workrUITests.swift in Sources */,
			);
			runOnlyForDeploymentPostprocessing = 0;
		};
/* End PBXSourcesBuildPhase section */

/* Begin PBXTargetDependency section */
		A6D1DDF0211C40C300381A4D /* PBXTargetDependency */ = {
			isa = PBXTargetDependency;
			target = A6D1DDD9211C40C100381A4D /* workr */;
			targetProxy = A6D1DDEF211C40C300381A4D /* PBXContainerItemProxy */;
		};
		A6D1DDFB211C40C300381A4D /* PBXTargetDependency */ = {
			isa = PBXTargetDependency;
			target = A6D1DDD9211C40C100381A4D /* workr */;
			targetProxy = A6D1DDFA211C40C300381A4D /* PBXContainerItemProxy */;
		};
/* End PBXTargetDependency section */

/* Begin PBXVariantGroup section */
		A6D1DDE1211C40C100381A4D /* Main.storyboard */ = {
			isa = PBXVariantGroup;
			children = (
				A6D1DDE2211C40C100381A4D /* Base */,
			);
			name = Main.storyboard;
			sourceTree = "<group>";
		};
		A6D1DDE6211C40C200381A4D /* LaunchScreen.storyboard */ = {
			isa = PBXVariantGroup;
			children = (
				A6D1DDE7211C40C200381A4D /* Base */,
			);
			name = LaunchScreen.storyboard;
			sourceTree = "<group>";
		};
/* End PBXVariantGroup section */

/* Begin XCBuildConfiguration section */
		A6D1DE00211C40C300381A4D /* Debug */ = {
			isa = XCBuildConfiguration;
			buildSettings = {
				ALWAYS_SEARCH_USER_PATHS = NO;
				CLANG_ANALYZER_NONNULL = YES;
				CLANG_ANALYZER_NUMBER_OBJECT_CONVERSION = YES_AGGRESSIVE;
				CLANG_CXX_LANGUAGE_STANDARD = "gnu++14";
				CLANG_CXX_LIBRARY = "libc++";
				CLANG_ENABLE_MODULES = YES;
				CLANG_ENABLE_OBJC_ARC = YES;
				CLANG_ENABLE_OBJC_WEAK = YES;
				CLANG_WARN_BLOCK_CAPTURE_AUTORELEASING = YES;
				CLANG_WARN_BOOL_CONVERSION = YES;
				CLANG_WARN_COMMA = YES;
				CLANG_WARN_CONSTANT_CONVERSION = YES;
				CLANG_WARN_DEPRECATED_OBJC_IMPLEMENTATIONS = YES;
				CLANG_WARN_DIRECT_OBJC_ISA_USAGE = YES_ERROR;
				CLANG_WARN_DOCUMENTATION_COMMENTS = YES;
				CLANG_WARN_EMPTY_BODY = YES;
				CLANG_WARN_ENUM_CONVERSION = YES;
				CLANG_WARN_INFINITE_RECURSION = YES;
				CLANG_WARN_INT_CONVERSION = YES;
				CLANG_WARN_NON_LITERAL_NULL_CONVERSION = YES;
				CLANG_WARN_OBJC_IMPLICIT_RETAIN_SELF = YES;
				CLANG_WARN_OBJC_LITERAL_CONVERSION = YES;
				CLANG_WARN_OBJC_ROOT_CLASS = YES_ERROR;
				CLANG_WARN_RANGE_LOOP_ANALYSIS = YES;
				CLANG_WARN_STRICT_PROTOTYPES = YES;
				CLANG_WARN_SUSPICIOUS_MOVE = YES;
				CLANG_WARN_UNGUARDED_AVAILABILITY = YES_AGGRESSIVE;
				CLANG_WARN_UNREACHABLE_CODE = YES;
				CLANG_WARN__DUPLICATE_METHOD_MATCH = YES;
				CODE_SIGN_IDENTITY = "iPhone Developer";
				COPY_PHASE_STRIP = NO;
				DEBUG_INFORMATION_FORMAT = dwarf;
				ENABLE_STRICT_OBJC_MSGSEND = YES;
				ENABLE_TESTABILITY = YES;
				GCC_C_LANGUAGE_STANDARD = gnu11;
				GCC_DYNAMIC_NO_PIC = NO;
				GCC_NO_COMMON_BLOCKS = YES;
				GCC_OPTIMIZATION_LEVEL = 0;
				GCC_PREPROCESSOR_DEFINITIONS = (
					"DEBUG=1",
					"$(inherited)",
				);
				GCC_WARN_64_TO_32_BIT_CONVERSION = YES;
				GCC_WARN_ABOUT_RETURN_TYPE = YES_ERROR;
				GCC_WARN_UNDECLARED_SELECTOR = YES;
				GCC_WARN_UNINITIALIZED_AUTOS = YES_AGGRESSIVE;
				GCC_WARN_UNUSED_FUNCTION = YES;
				GCC_WARN_UNUSED_VARIABLE = YES;
				IPHONEOS_DEPLOYMENT_TARGET = 10.0;
				MTL_ENABLE_DEBUG_INFO = YES;
				ONLY_ACTIVE_ARCH = YES;
				SDKROOT = iphoneos;
				SWIFT_ACTIVE_COMPILATION_CONDITIONS = DEBUG;
				SWIFT_OPTIMIZATION_LEVEL = "-Onone";
			};
			name = Debug;
		};
		A6D1DE01211C40C300381A4D /* Release */ = {
			isa = XCBuildConfiguration;
			buildSettings = {
				ALWAYS_SEARCH_USER_PATHS = NO;
				CLANG_ANALYZER_NONNULL = YES;
				CLANG_ANALYZER_NUMBER_OBJECT_CONVERSION = YES_AGGRESSIVE;
				CLANG_CXX_LANGUAGE_STANDARD = "gnu++14";
				CLANG_CXX_LIBRARY = "libc++";
				CLANG_ENABLE_MODULES = YES;
				CLANG_ENABLE_OBJC_ARC = YES;
				CLANG_ENABLE_OBJC_WEAK = YES;
				CLANG_WARN_BLOCK_CAPTURE_AUTORELEASING = YES;
				CLANG_WARN_BOOL_CONVERSION = YES;
				CLANG_WARN_COMMA = YES;
				CLANG_WARN_CONSTANT_CONVERSION = YES;
				CLANG_WARN_DEPRECATED_OBJC_IMPLEMENTATIONS = YES;
				CLANG_WARN_DIRECT_OBJC_ISA_USAGE = YES_ERROR;
				CLANG_WARN_DOCUMENTATION_COMMENTS = YES;
				CLANG_WARN_EMPTY_BODY = YES;
				CLANG_WARN_ENUM_CONVERSION = YES;
				CLANG_WARN_INFINITE_RECURSION = YES;
				CLANG_WARN_INT_CONVERSION = YES;
				CLANG_WARN_NON_LITERAL_NULL_CONVERSION = YES;
				CLANG_WARN_OBJC_IMPLICIT_RETAIN_SELF = YES;
				CLANG_WARN_OBJC_LITERAL_CONVERSION = YES;
				CLANG_WARN_OBJC_ROOT_CLASS = YES_ERROR;
				CLANG_WARN_RANGE_LOOP_ANALYSIS = YES;
				CLANG_WARN_STRICT_PROTOTYPES = YES;
				CLANG_WARN_SUSPICIOUS_MOVE = YES;
				CLANG_WARN_UNGUARDED_AVAILABILITY = YES_AGGRESSIVE;
				CLANG_WARN_UNREACHABLE_CODE = YES;
				CLANG_WARN__DUPLICATE_METHOD_MATCH = YES;
				CODE_SIGN_IDENTITY = "iPhone Developer";
				COPY_PHASE_STRIP = NO;
				DEBUG_INFORMATION_FORMAT = "dwarf-with-dsym";
				ENABLE_NS_ASSERTIONS = NO;
				ENABLE_STRICT_OBJC_MSGSEND = YES;
				GCC_C_LANGUAGE_STANDARD = gnu11;
				GCC_NO_COMMON_BLOCKS = YES;
				GCC_WARN_64_TO_32_BIT_CONVERSION = YES;
				GCC_WARN_ABOUT_RETURN_TYPE = YES_ERROR;
				GCC_WARN_UNDECLARED_SELECTOR = YES;
				GCC_WARN_UNINITIALIZED_AUTOS = YES_AGGRESSIVE;
				GCC_WARN_UNUSED_FUNCTION = YES;
				GCC_WARN_UNUSED_VARIABLE = YES;
				IPHONEOS_DEPLOYMENT_TARGET = 10.0;
				MTL_ENABLE_DEBUG_INFO = NO;
				SDKROOT = iphoneos;
				SWIFT_COMPILATION_MODE = wholemodule;
				SWIFT_OPTIMIZATION_LEVEL = "-O";
				VALIDATE_PRODUCT = YES;
			};
			name = Release;
		};
		A6D1DE03211C40C300381A4D /* Debug */ = {
			isa = XCBuildConfiguration;
			baseConfigurationReference = D620B7A1A72FD3DCA53AD7C2 /* Pods-workr.debug.xcconfig */;
			buildSettings = {
				ASSETCATALOG_COMPILER_APPICON_NAME = AppIcon;
				CODE_SIGN_STYLE = Automatic;
				DEVELOPMENT_TEAM = J33TWD339C;
				INFOPLIST_FILE = workr/Info.plist;
				LD_RUNPATH_SEARCH_PATHS = (
					"$(inherited)",
					"@executable_path/Frameworks",
				);
				PRODUCT_BUNDLE_IDENTIFIER = workr.workr;
				PRODUCT_NAME = "$(TARGET_NAME)";
				SWIFT_VERSION = 4.0;
				TARGETED_DEVICE_FAMILY = "1,2";
			};
			name = Debug;
		};
		A6D1DE04211C40C300381A4D /* Release */ = {
			isa = XCBuildConfiguration;
			baseConfigurationReference = EB0C21C2E6F8D8AE0C8FDA91 /* Pods-workr.release.xcconfig */;
			buildSettings = {
				ASSETCATALOG_COMPILER_APPICON_NAME = AppIcon;
				CODE_SIGN_STYLE = Automatic;
				DEVELOPMENT_TEAM = J33TWD339C;
				INFOPLIST_FILE = workr/Info.plist;
				LD_RUNPATH_SEARCH_PATHS = (
					"$(inherited)",
					"@executable_path/Frameworks",
				);
				PRODUCT_BUNDLE_IDENTIFIER = workr.workr;
				PRODUCT_NAME = "$(TARGET_NAME)";
				SWIFT_VERSION = 4.0;
				TARGETED_DEVICE_FAMILY = "1,2";
			};
			name = Release;
		};
		A6D1DE06211C40C300381A4D /* Debug */ = {
			isa = XCBuildConfiguration;
			buildSettings = {
				ALWAYS_EMBED_SWIFT_STANDARD_LIBRARIES = YES;
				BUNDLE_LOADER = "$(TEST_HOST)";
				CODE_SIGN_STYLE = Automatic;
				DEVELOPMENT_TEAM = J33TWD339C;
				INFOPLIST_FILE = workrTests/Info.plist;
				LD_RUNPATH_SEARCH_PATHS = (
					"$(inherited)",
					"@executable_path/Frameworks",
					"@loader_path/Frameworks",
				);
				PRODUCT_BUNDLE_IDENTIFIER = workr.workrTests;
				PRODUCT_NAME = "$(TARGET_NAME)";
				SWIFT_VERSION = 4.0;
				TARGETED_DEVICE_FAMILY = "1,2";
				TEST_HOST = "$(BUILT_PRODUCTS_DIR)/workr.app/workr";
			};
			name = Debug;
		};
		A6D1DE07211C40C300381A4D /* Release */ = {
			isa = XCBuildConfiguration;
			buildSettings = {
				ALWAYS_EMBED_SWIFT_STANDARD_LIBRARIES = YES;
				BUNDLE_LOADER = "$(TEST_HOST)";
				CODE_SIGN_STYLE = Automatic;
				DEVELOPMENT_TEAM = J33TWD339C;
				INFOPLIST_FILE = workrTests/Info.plist;
				LD_RUNPATH_SEARCH_PATHS = (
					"$(inherited)",
					"@executable_path/Frameworks",
					"@loader_path/Frameworks",
				);
				PRODUCT_BUNDLE_IDENTIFIER = workr.workrTests;
				PRODUCT_NAME = "$(TARGET_NAME)";
				SWIFT_VERSION = 4.0;
				TARGETED_DEVICE_FAMILY = "1,2";
				TEST_HOST = "$(BUILT_PRODUCTS_DIR)/workr.app/workr";
			};
			name = Release;
		};
		A6D1DE09211C40C300381A4D /* Debug */ = {
			isa = XCBuildConfiguration;
			buildSettings = {
				ALWAYS_EMBED_SWIFT_STANDARD_LIBRARIES = YES;
				CODE_SIGN_STYLE = Automatic;
				DEVELOPMENT_TEAM = J33TWD339C;
				INFOPLIST_FILE = workrUITests/Info.plist;
				LD_RUNPATH_SEARCH_PATHS = (
					"$(inherited)",
					"@executable_path/Frameworks",
					"@loader_path/Frameworks",
				);
				PRODUCT_BUNDLE_IDENTIFIER = workr.workrUITests;
				PRODUCT_NAME = "$(TARGET_NAME)";
				SWIFT_VERSION = 4.0;
				TARGETED_DEVICE_FAMILY = "1,2";
				TEST_TARGET_NAME = workr;
			};
			name = Debug;
		};
		A6D1DE0A211C40C300381A4D /* Release */ = {
			isa = XCBuildConfiguration;
			buildSettings = {
				ALWAYS_EMBED_SWIFT_STANDARD_LIBRARIES = YES;
				CODE_SIGN_STYLE = Automatic;
				DEVELOPMENT_TEAM = J33TWD339C;
				INFOPLIST_FILE = workrUITests/Info.plist;
				LD_RUNPATH_SEARCH_PATHS = (
					"$(inherited)",
					"@executable_path/Frameworks",
					"@loader_path/Frameworks",
				);
				PRODUCT_BUNDLE_IDENTIFIER = workr.workrUITests;
				PRODUCT_NAME = "$(TARGET_NAME)";
				SWIFT_VERSION = 4.0;
				TARGETED_DEVICE_FAMILY = "1,2";
				TEST_TARGET_NAME = workr;
			};
			name = Release;
		};
/* End XCBuildConfiguration section */

/* Begin XCConfigurationList section */
		A6D1DDD5211C40C100381A4D /* Build configuration list for PBXProject "workr" */ = {
			isa = XCConfigurationList;
			buildConfigurations = (
				A6D1DE00211C40C300381A4D /* Debug */,
				A6D1DE01211C40C300381A4D /* Release */,
			);
			defaultConfigurationIsVisible = 0;
			defaultConfigurationName = Release;
		};
		A6D1DE02211C40C300381A4D /* Build configuration list for PBXNativeTarget "workr" */ = {
			isa = XCConfigurationList;
			buildConfigurations = (
				A6D1DE03211C40C300381A4D /* Debug */,
				A6D1DE04211C40C300381A4D /* Release */,
			);
			defaultConfigurationIsVisible = 0;
			defaultConfigurationName = Release;
		};
		A6D1DE05211C40C300381A4D /* Build configuration list for PBXNativeTarget "workrTests" */ = {
			isa = XCConfigurationList;
			buildConfigurations = (
				A6D1DE06211C40C300381A4D /* Debug */,
				A6D1DE07211C40C300381A4D /* Release */,
			);
			defaultConfigurationIsVisible = 0;
			defaultConfigurationName = Release;
		};
		A6D1DE08211C40C300381A4D /* Build configuration list for PBXNativeTarget "workrUITests" */ = {
			isa = XCConfigurationList;
			buildConfigurations = (
				A6D1DE09211C40C300381A4D /* Debug */,
				A6D1DE0A211C40C300381A4D /* Release */,
			);
			defaultConfigurationIsVisible = 0;
			defaultConfigurationName = Release;
		};
/* End XCConfigurationList section */
	};
	rootObject = A6D1DDD2211C40C100381A4D /* Project object */;
}
